# THIS IS AN AUTOGENERATED FILE. DO NOT EDIT THIS FILE DIRECTLY.
# yarn lockfile v1


jquery@^3.2.1:
  version "3.7.1"
  resolved "https://registry.yarnpkg.com/jquery/-/jquery-3.7.1.tgz#083ef98927c9a6a74d05a6af02806566d16274de"
  integrity sha512-m4avr8yL8kmFN8psrbFFFmB/If14iN5o9nw/NgnnM+kybDJpRsAynV2BsfpTYrTRysYUdADVD7CkUUizgkpLfg==

pattern-lock-js@^1.0.1:
  version "1.0.1"
  resolved "https://registry.yarnpkg.com/pattern-lock-js/-/pattern-lock-js-1.0.1.tgz#953927a49b9710daa84cb6bdeaa9a1c3407c3cb5"
  integrity sha512-ePP8qxTfR14UD4ksoR+E4UmUEsSXNgv4UkS14FWZMeMQuihct5qQhIYrpAZduKWJeuhRcHnJz0eYzwaXIF/CXA==
  dependencies:
    jquery "^3.2.1"
